github.com/ervitis/goprocinfo v1.0.0 h1:QKty3U/By/lWz+yJu1zLQw9DpEmF/1cJVmr9wxyeVo0=
github.com/ervitis/goprocinfo v1.0.0/go.mod h1:uY2dRmcKAzEjtgvQ+NBj7RK4EBIK/oDtp2ydUNRa0Ds=
github.com/gorilla/mux v1.8.0 h1:i40aqfkR1h2SlN9hojwV5ZA91wcXFOvkdNIeFDP5koI=
github.com/gorilla/mux v1.8.0/go.mod h1:DVbg23sWSpFRCP0SfiEN6jmj59UnW/n46BH5rLB71So=
